
Microsoft Visual Studio Solution File, Format Version 12.00
# Visual Studio Version 16
VisualStudioVersion = 16.0.31112.23
MinimumVisualStudioVersion = 10.0.40219.1
Project("{FAE04EC0-301F-11D3-BF4B-00C04F79EFBC}") = "WomenFinderApp", "WomenFinderApp\WomenFinderApp.csproj", "{804BDE20-5F2E-4F77-B732-3CD1CB191648}"
EndProject
Project("{FAE04EC0-301F-11D3-BF4B-00C04F79EFBC}") = "FileHelper", "FileHelper\FileHelper.csproj", "{918F4341-C784-45FC-B043-44A4F34EA862}"
EndProject
Global
	GlobalSection(SolutionConfigurationPlatforms) = preSolution
		Debug|Any CPU = Debug|Any CPU
		Release|Any CPU = Release|Any CPU
	EndGlobalSection
	GlobalSection(ProjectConfigurationPlatforms) = postSolution
		{804BDE20-5F2E-4F77-B732-3CD1CB191648}.Debug|Any CPU.ActiveCfg = Debug|Any CPU
		{804BDE20-5F2E-4F77-B732-3CD1CB191648}.Debug|Any CPU.Build.0 = Debug|Any CPU
		{804BDE20-5F2E-4F77-B732-3CD1CB191648}.Release|Any CPU.ActiveCfg = Release|Any CPU
		{804BDE20-5F2E-4F77-B732-3CD1CB191648}.Release|Any CPU.Build.0 = Release|Any CPU
		{918F4341-C784-45FC-B043-44A4F34EA862}.Debug|Any CPU.ActiveCfg = Debug|Any CPU
		{918F4341-C784-45FC-B043-44A4F34EA862}.Debug|Any CPU.Build.0 = Debug|Any CPU
		{918F4341-C784-45FC-B043-44A4F34EA862}.Release|Any CPU.ActiveCfg = Release|Any CPU
		{918F4341-C784-45FC-B043-44A4F34EA862}.Release|Any CPU.Build.0 = Release|Any CPU
	EndGlobalSection
	GlobalSection(SolutionProperties) = preSolution
		HideSolutionNode = FALSE
	EndGlobalSection
	GlobalSection(ExtensibilityGlobals) = postSolution
		SolutionGuid = {D595D232-3509-4AD9-B7BF-600C4F9EC9F3}
	EndGlobalSection
EndGlobal
